
Microsoft Visual Studio Solution File, Format Version 12.00
# Visual Studio 15
VisualStudioVersion = 15.0.26430.13
MinimumVisualStudioVersion = 10.0.40219.1
Project("{FAE04EC0-301F-11D3-BF4B-00C04F79EFBC}") = "AutoBoot", "AutoBoot\AutoBoot.csproj", "{822A295C-C34D-41E3-B1ED-7C12175F1817}"
EndProject
Project("{FAE04EC0-301F-11D3-BF4B-00C04F79EFBC}") = "AutoBootServer", "AutoBootServer\AutoBootServer.csproj", "{533BE667-E3FA-48D8-8F22-61DF7A496C67}"
EndProject
Global
	GlobalSection(SolutionConfigurationPlatforms) = preSolution
		Debug|Any CPU = Debug|Any CPU
		Release|Any CPU = Release|Any CPU
	EndGlobalSection
	GlobalSection(ProjectConfigurationPlatforms) = postSolution
		{822A295C-C34D-41E3-B1ED-7C12175F1817}.Debug|Any CPU.ActiveCfg = Debug|Any CPU
		{822A295C-C34D-41E3-B1ED-7C12175F1817}.Debug|Any CPU.Build.0 = Debug|Any CPU
		{822A295C-C34D-41E3-B1ED-7C12175F1817}.Release|Any CPU.ActiveCfg = Release|Any CPU
		{822A295C-C34D-41E3-B1ED-7C12175F1817}.Release|Any CPU.Build.0 = Release|Any CPU
		{533BE667-E3FA-48D8-8F22-61DF7A496C67}.Debug|Any CPU.ActiveCfg = Debug|Any CPU
		{533BE667-E3FA-48D8-8F22-61DF7A496C67}.Debug|Any CPU.Build.0 = Debug|Any CPU
		{533BE667-E3FA-48D8-8F22-61DF7A496C67}.Release|Any CPU.ActiveCfg = Release|Any CPU
		{533BE667-E3FA-48D8-8F22-61DF7A496C67}.Release|Any CPU.Build.0 = Release|Any CPU
	EndGlobalSection
	GlobalSection(SolutionProperties) = preSolution
		HideSolutionNode = FALSE
	EndGlobalSection
EndGlobal
